
Microsoft Visual Studio Solution File, Format Version 12.00
# Visual Studio Version 17
VisualStudioVersion = 17.9.34728.123
MinimumVisualStudioVersion = 10.0.40219.1
Project("{FAE04EC0-301F-11D3-BF4B-00C04F79EFBC}") = "MemoryGameUserInterface", "UserInterface\MemoryGameUserInterface.csproj", "{029A192C-70E6-4C5A-86FD-BB2E3CDB25F0}"
EndProject
Project("{FAE04EC0-301F-11D3-BF4B-00C04F79EFBC}") = "MemoryGameLogic", "MemoryGameLogic\MemoryGameLogic.csproj", "{866B6790-6A86-41DF-9AE9-FBD8CA5C61FD}"
EndProject
Project("{FAE04EC0-301F-11D3-BF4B-00C04F79EFBC}") = "Program", "Program\Program.csproj", "{6DF2BBD1-5430-4DA9-92CB-BBA7A97AB4A7}"
EndProject
Global
	GlobalSection(SolutionConfigurationPlatforms) = preSolution
		Debug|Any CPU = Debug|Any CPU
		Release|Any CPU = Release|Any CPU
	EndGlobalSection
	GlobalSection(ProjectConfigurationPlatforms) = postSolution
		{029A192C-70E6-4C5A-86FD-BB2E3CDB25F0}.Debug|Any CPU.ActiveCfg = Debug|Any CPU
		{029A192C-70E6-4C5A-86FD-BB2E3CDB25F0}.Debug|Any CPU.Build.0 = Debug|Any CPU
		{029A192C-70E6-4C5A-86FD-BB2E3CDB25F0}.Release|Any CPU.ActiveCfg = Release|Any CPU
		{029A192C-70E6-4C5A-86FD-BB2E3CDB25F0}.Release|Any CPU.Build.0 = Release|Any CPU
		{866B6790-6A86-41DF-9AE9-FBD8CA5C61FD}.Debug|Any CPU.ActiveCfg = Debug|Any CPU
		{866B6790-6A86-41DF-9AE9-FBD8CA5C61FD}.Debug|Any CPU.Build.0 = Debug|Any CPU
		{866B6790-6A86-41DF-9AE9-FBD8CA5C61FD}.Release|Any CPU.ActiveCfg = Release|Any CPU
		{866B6790-6A86-41DF-9AE9-FBD8CA5C61FD}.Release|Any CPU.Build.0 = Release|Any CPU
		{6DF2BBD1-5430-4DA9-92CB-BBA7A97AB4A7}.Debug|Any CPU.ActiveCfg = Debug|Any CPU
		{6DF2BBD1-5430-4DA9-92CB-BBA7A97AB4A7}.Debug|Any CPU.Build.0 = Debug|Any CPU
		{6DF2BBD1-5430-4DA9-92CB-BBA7A97AB4A7}.Release|Any CPU.ActiveCfg = Release|Any CPU
		{6DF2BBD1-5430-4DA9-92CB-BBA7A97AB4A7}.Release|Any CPU.Build.0 = Release|Any CPU
	EndGlobalSection
	GlobalSection(SolutionProperties) = preSolution
		HideSolutionNode = FALSE
	EndGlobalSection
	GlobalSection(ExtensibilityGlobals) = postSolution
		SolutionGuid = {542D1D69-1E05-438C-BBE0-08A774B2B8F2}
	EndGlobalSection
EndGlobal
